// !$*UTF8*$!
{
	archiveVersion = 1;
	classes = {
	};
	objectVersion = 56;
	objects = {

/* Begin PBXBuildFile section */
		8E5BE6F028D23C040071ABA4 /* GameAppApp.swift in Sources */ = {isa = PBXBuildFile; fileRef = 8E5BE6EF28D23C040071ABA4 /* GameAppApp.swift */; };
		8E5BE6F228D23C040071ABA4 /* ContentView.swift in Sources */ = {isa = PBXBuildFile; fileRef = 8E5BE6F128D23C040071ABA4 /* ContentView.swift */; };
		8E5BE6F428D23C090071ABA4 /* Assets.xcassets in Resources */ = {isa = PBXBuildFile; fileRef = 8E5BE6F328D23C090071ABA4 /* Assets.xcassets */; };
		8E5BE6F728D23C090071ABA4 /* Preview Assets.xcassets in Resources */ = {isa = PBXBuildFile; fileRef = 8E5BE6F628D23C090071ABA4 /* Preview Assets.xcassets */; };
		8E5BE70128D23C0B0071ABA4 /* GameAppTests.swift in Sources */ = {isa = PBXBuildFile; fileRef = 8E5BE70028D23C0B0071ABA4 /* GameAppTests.swift */; };
		8E5BE70B28D23C0B0071ABA4 /* GameAppUITests.swift in Sources */ = {isa = PBXBuildFile; fileRef = 8E5BE70A28D23C0B0071ABA4 /* GameAppUITests.swift */; };
		8E5BE70D28D23C0B0071ABA4 /* GameAppUITestsLaunchTests.swift in Sources */ = {isa = PBXBuildFile; fileRef = 8E5BE70C28D23C0B0071ABA4 /* GameAppUITestsLaunchTests.swift */; };
/* End PBXBuildFile section */

/* Begin PBXContainerItemProxy section */
		8E5BE6FD28D23C0B0071ABA4 /* PBXContainerItemProxy */ = {
			isa = PBXContainerItemProxy;
			containerPortal = 8E5BE6E428D23C040071ABA4 /* Project object */;
			proxyType = 1;
			remoteGlobalIDString = 8E5BE6EB28D23C040071ABA4;
			remoteInfo = GameApp;
		};
		8E5BE70728D23C0B0071ABA4 /* PBXContainerItemProxy */ = {
			isa = PBXContainerItemProxy;
			containerPortal = 8E5BE6E428D23C040071ABA4 /* Project object */;
			proxyType = 1;
			remoteGlobalIDString = 8E5BE6EB28D23C040071ABA4;
			remoteInfo = GameApp;
		};
/* End PBXContainerItemProxy section */

/* Begin PBXFileReference section */
		8E5BE6EC28D23C040071ABA4 /* GameApp.app */ = {isa = PBXFileReference; explicitFileType = wrapper.application; includeInIndex = 0; path = GameApp.app; sourceTree = BUILT_PRODUCTS_DIR; };
		8E5BE6EF28D23C040071ABA4 /* GameAppApp.swift */ = {isa = PBXFileReference; lastKnownFileType = sourcecode.swift; path = GameAppApp.swift; sourceTree = "<group>"; };
		8E5BE6F128D23C040071ABA4 /* ContentView.swift */ = {isa = PBXFileReference; lastKnownFileType = sourcecode.swift; path = ContentView.swift; sourceTree = "<group>"; };
		8E5BE6F328D23C090071ABA4 /* Assets.xcassets */ = {isa = PBXFileReference; lastKnownFileType = folder.assetcatalog; path = Assets.xcassets; sourceTree = "<group>"; };
		8E5BE6F628D23C090071ABA4 /* Preview Assets.xcassets */ = {isa = PBXFileReference; lastKnownFileType = folder.assetcatalog; path = "Preview Assets.xcassets"; sourceTree = "<group>"; };
		8E5BE6FC28D23C0B0071ABA4 /* GameAppTests.xctest */ = {isa = PBXFileReference; explicitFileType = wrapper.cfbundle; includeInIndex = 0; path = GameAppTests.xctest; sourceTree = BUILT_PRODUCTS_DIR; };
		8E5BE70028D23C0B0071ABA4 /* GameAppTests.swift */ = {isa = PBXFileReference; lastKnownFileType = sourcecode.swift; path = GameAppTests.swift; sourceTree = "<group>"; };
		8E5BE70628D23C0B0071ABA4 /* GameAppUITests.xctest */ = {isa = PBXFileReference; explicitFileType = wrapper.cfbundle; includeInIndex = 0; path = GameAppUITests.xctest; sourceTree = BUILT_PRODUCTS_DIR; };
		8E5BE70A28D23C0B0071ABA4 /* GameAppUITests.swift */ = {isa = PBXFileReference; lastKnownFileType = sourcecode.swift; path = GameAppUITests.swift; sourceTree = "<group>"; };
		8E5BE70C28D23C0B0071ABA4 /* GameAppUITestsLaunchTests.swift */ = {isa = PBXFileReference; lastKnownFileType = sourcecode.swift; path = GameAppUITestsLaunchTests.swift; sourceTree = "<group>"; };
/* End PBXFileReference section */

/* Begin PBXFrameworksBuildPhase section */
		8E5BE6E928D23C040071ABA4 /* Frameworks */ = {
			isa = PBXFrameworksBuildPhase;
			buildActionMask = 2147483647;
			files = (
			);
			runOnlyForDeploymentPostprocessing = 0;
		};
		8E5BE6F928D23C0B0071ABA4 /* Frameworks */ = {
			isa = PBXFrameworksBuildPhase;
			buildActionMask = 2147483647;
			files = (
			);
			runOnlyForDeploymentPostprocessing = 0;
		};
		8E5BE70328D23C0B0071ABA4 /* Frameworks */ = {
			isa = PBXFrameworksBuildPhase;
			buildActionMask = 2147483647;
			files = (
			);
			runOnlyForDeploymentPostprocessing = 0;
		};
/* End PBXFrameworksBuildPhase section */

/* Begin PBXGroup section */
		8E5BE6E328D23C040071ABA4 = {
			isa = PBXGroup;
			children = (
				8E5BE6EE28D23C040071ABA4 /* GameApp */,
				8E5BE6FF28D23C0B0071ABA4 /* GameAppTests */,
				8E5BE70928D23C0B0071ABA4 /* GameAppUITests */,
				8E5BE6ED28D23C040071ABA4 /* Products */,
			);
			sourceTree = "<group>";
		};
		8E5BE6ED28D23C040071ABA4 /* Products */ = {
			isa = PBXGroup;
			children = (
				8E5BE6EC28D23C040071ABA4 /* GameApp.app */,
				8E5BE6FC28D23C0B0071ABA4 /* GameAppTests.xctest */,
				8E5BE70628D23C0B0071ABA4 /* GameAppUITests.xctest */,
			);
			name = Products;
			sourceTree = "<group>";
		};
		8E5BE6EE28D23C040071ABA4 /* GameApp */ = {
			isa = PBXGroup;
			children = (
				8E5BE6EF28D23C040071ABA4 /* GameAppApp.swift */,
				8E5BE6F128D23C040071ABA4 /* ContentView.swift */,
				8E5BE6F328D23C090071ABA4 /* Assets.xcassets */,
				8E5BE6F528D23C090071ABA4 /* Preview Content */,
			);
			path = GameApp;
			sourceTree = "<group>";
		};
		8E5BE6F528D23C090071ABA4 /* Preview Content */ = {
			isa = PBXGroup;
			children = (
				8E5BE6F628D23C090071ABA4 /* Preview Assets.xcassets */,
			);
			path = "Preview Content";
			sourceTree = "<group>";
		};
		8E5BE6FF28D23C0B0071ABA4 /* GameAppTests */ = {
			isa = PBXGroup;
			children = (
				8E5BE70028D23C0B0071ABA4 /* GameAppTests.swift */,
			);
			path = GameAppTests;
			sourceTree = "<group>";
		};
		8E5BE70928D23C0B0071ABA4 /* GameAppUITests */ = {
			isa = PBXGroup;
			children = (
				8E5BE70A28D23C0B0071ABA4 /* GameAppUITests.swift */,
				8E5BE70C28D23C0B0071ABA4 /* GameAppUITestsLaunchTests.swift */,
			);
			path = GameAppUITests;
			sourceTree = "<group>";
		};
/* End PBXGroup section */

/* Begin PBXNativeTarget section */
		8E5BE6EB28D23C040071ABA4 /* GameApp */ = {
			isa = PBXNativeTarget;
			buildConfigurationList = 8E5BE71028D23C0B0071ABA4 /* Build configuration list for PBXNativeTarget "GameApp" */;
			buildPhases = (
				8E5BE6E828D23C040071ABA4 /* Sources */,
				8E5BE6E928D23C040071ABA4 /* Frameworks */,
				8E5BE6EA28D23C040071ABA4 /* Resources */,
			);
			buildRules = (
			);
			dependencies = (
			);
			name = GameApp;
			productName = GameApp;
			productReference = 8E5BE6EC28D23C040071ABA4 /* GameApp.app */;
			productType = "com.apple.product-type.application";
		};
		8E5BE6FB28D23C0B0071ABA4 /* GameAppTests */ = {
			isa = PBXNativeTarget;
			buildConfigurationList = 8E5BE71328D23C0B0071ABA4 /* Build configuration list for PBXNativeTarget "GameAppTests" */;
			buildPhases = (
				8E5BE6F828D23C0B0071ABA4 /* Sources */,
				8E5BE6F928D23C0B0071ABA4 /* Frameworks */,
				8E5BE6FA28D23C0B0071ABA4 /* Resources */,
			);
			buildRules = (
			);
			dependencies = (
				8E5BE6FE28D23C0B0071ABA4 /* PBXTargetDependency */,
			);
			name = GameAppTests;
			productName = GameAppTests;
			productReference = 8E5BE6FC28D23C0B0071ABA4 /* GameAppTests.xctest */;
			productType = "com.apple.product-type.bundle.unit-test";
		};
		8E5BE70528D23C0B0071ABA4 /* GameAppUITests */ = {
			isa = PBXNativeTarget;
			buildConfigurationList = 8E5BE71628D23C0B0071ABA4 /* Build configuration list for PBXNativeTarget "GameAppUITests" */;
			buildPhases = (
				8E5BE70228D23C0B0071ABA4 /* Sources */,
				8E5BE70328D23C0B0071ABA4 /* Frameworks */,
				8E5BE70428D23C0B0071ABA4 /* Resources */,
			);
			buildRules = (
			);
			dependencies = (
				8E5BE70828D23C0B0071ABA4 /* PBXTargetDependency */,
			);
			name = GameAppUITests;
			productName = GameAppUITests;
			productReference = 8E5BE70628D23C0B0071ABA4 /* GameAppUITests.xctest */;
			productType = "com.apple.product-type.bundle.ui-testing";
		};
/* End PBXNativeTarget section */

/* Begin PBXProject section */
		8E5BE6E428D23C040071ABA4 /* Project object */ = {
			isa = PBXProject;
			attributes = {
				BuildIndependentTargetsInParallel = 1;
				LastSwiftUpdateCheck = 1400;
				LastUpgradeCheck = 1400;
				TargetAttributes = {
					8E5BE6EB28D23C040071ABA4 = {
						CreatedOnToolsVersion = 14.0;
					};
					8E5BE6FB28D23C0B0071ABA4 = {
						CreatedOnToolsVersion = 14.0;
						TestTargetID = 8E5BE6EB28D23C040071ABA4;
					};
					8E5BE70528D23C0B0071ABA4 = {
						CreatedOnToolsVersion = 14.0;
						TestTargetID = 8E5BE6EB28D23C040071ABA4;
					};
				};
			};
			buildConfigurationList = 8E5BE6E728D23C040071ABA4 /* Build configuration list for PBXProject "GameApp" */;
			compatibilityVersion = "Xcode 14.0";
			developmentRegion = en;
			hasScannedForEncodings = 0;
			knownRegions = (
				en,
				Base,
			);
			mainGroup = 8E5BE6E328D23C040071ABA4;
			productRefGroup = 8E5BE6ED28D23C040071ABA4 /* Products */;
			projectDirPath = "";
			projectRoot = "";
			targets = (
				8E5BE6EB28D23C040071ABA4 /* GameApp */,
				8E5BE6FB28D23C0B0071ABA4 /* GameAppTests */,
				8E5BE70528D23C0B0071ABA4 /* GameAppUITests */,
			);
		};
/* End PBXProject section */

/* Begin PBXResourcesBuildPhase section */
		8E5BE6EA28D23C040071ABA4 /* Resources */ = {
			isa = PBXResourcesBuildPhase;
			buildActionMask = 2147483647;
			files = (
				8E5BE6F728D23C090071ABA4 /* Preview Assets.xcassets in Resources */,
				8E5BE6F428D23C090071ABA4 /* Assets.xcassets in Resources */,
			);
			runOnlyForDeploymentPostprocessing = 0;
		};
		8E5BE6FA28D23C0B0071ABA4 /* Resources */ = {
			isa = PBXResourcesBuildPhase;
			buildActionMask = 2147483647;
			files = (
			);
			runOnlyForDeploymentPostprocessing = 0;
		};
		8E5BE70428D23C0B0071ABA4 /* Resources */ = {
			isa = PBXResourcesBuildPhase;
			buildActionMask = 2147483647;
			files = (
			);
			runOnlyForDeploymentPostprocessing = 0;
		};
/* End PBXResourcesBuildPhase section */

/* Begin PBXSourcesBuildPhase section */
		8E5BE6E828D23C040071ABA4 /* Sources */ = {
			isa = PBXSourcesBuildPhase;
			buildActionMask = 2147483647;
			files = (
				8E5BE6F228D23C040071ABA4 /* ContentView.swift in Sources */,
				8E5BE6F028D23C040071ABA4 /* GameAppApp.swift in Sources */,
			);
			runOnlyForDeploymentPostprocessing = 0;
		};
		8E5BE6F828D23C0B0071ABA4 /* Sources */ = {
			isa = PBXSourcesBuildPhase;
			buildActionMask = 2147483647;
			files = (
				8E5BE70128D23C0B0071ABA4 /* GameAppTests.swift in Sources */,
			);
			runOnlyForDeploymentPostprocessing = 0;
		};
		8E5BE70228D23C0B0071ABA4 /* Sources */ = {
			isa = PBXSourcesBuildPhase;
			buildActionMask = 2147483647;
			files = (
				8E5BE70D28D23C0B0071ABA4 /* GameAppUITestsLaunchTests.swift in Sources */,
				8E5BE70B28D23C0B0071ABA4 /* GameAppUITests.swift in Sources */,
			);
			runOnlyForDeploymentPostprocessing = 0;
		};
/* End PBXSourcesBuildPhase section */

/* Begin PBXTargetDependency section */
		8E5BE6FE28D23C0B0071ABA4 /* PBXTargetDependency */ = {
			isa = PBXTargetDependency;
			target = 8E5BE6EB28D23C040071ABA4 /* GameApp */;
			targetProxy = 8E5BE6FD28D23C0B0071ABA4 /* PBXContainerItemProxy */;
		};
		8E5BE70828D23C0B0071ABA4 /* PBXTargetDependency */ = {
			isa = PBXTargetDependency;
			target = 8E5BE6EB28D23C040071ABA4 /* GameApp */;
			targetProxy = 8E5BE70728D23C0B0071ABA4 /* PBXContainerItemProxy */;
		};
/* End PBXTargetDependency section */

/* Begin XCBuildConfiguration section */
		8E5BE70E28D23C0B0071ABA4 /* Debug */ = {
			isa = XCBuildConfiguration;
			buildSettings = {
				ALWAYS_SEARCH_USER_PATHS = NO;
				CLANG_ANALYZER_NONNULL = YES;
				CLANG_ANALYZER_NUMBER_OBJECT_CONVERSION = YES_AGGRESSIVE;
				CLANG_CXX_LANGUAGE_STANDARD = "gnu++20";
				CLANG_ENABLE_MODULES = YES;
				CLANG_ENABLE_OBJC_ARC = YES;
				CLANG_ENABLE_OBJC_WEAK = YES;
				CLANG_WARN_BLOCK_CAPTURE_AUTORELEASING = YES;
				CLANG_WARN_BOOL_CONVERSION = YES;
				CLANG_WARN_COMMA = YES;
				CLANG_WARN_CONSTANT_CONVERSION = YES;
				CLANG_WARN_DEPRECATED_OBJC_IMPLEMENTATIONS = YES;
				CLANG_WARN_DIRECT_OBJC_ISA_USAGE = YES_ERROR;
				CLANG_WARN_DOCUMENTATION_COMMENTS = YES;
				CLANG_WARN_EMPTY_BODY = YES;
				CLANG_WARN_ENUM_CONVERSION = YES;
				CLANG_WARN_INFINITE_RECURSION = YES;
				CLANG_WARN_INT_CONVERSION = YES;
				CLANG_WARN_NON_LITERAL_NULL_CONVERSION = YES;
				CLANG_WARN_OBJC_IMPLICIT_RETAIN_SELF = YES;
				CLANG_WARN_OBJC_LITERAL_CONVERSION = YES;
				CLANG_WARN_OBJC_ROOT_CLASS = YES_ERROR;
				CLANG_WARN_QUOTED_INCLUDE_IN_FRAMEWORK_HEADER = YES;
				CLANG_WARN_RANGE_LOOP_ANALYSIS = YES;
				CLANG_WARN_STRICT_PROTOTYPES = YES;
				CLANG_WARN_SUSPICIOUS_MOVE = YES;
				CLANG_WARN_UNGUARDED_AVAILABILITY = YES_AGGRESSIVE;
				CLANG_WARN_UNREACHABLE_CODE = YES;
				CLANG_WARN__DUPLICATE_METHOD_MATCH = YES;
				COPY_PHASE_STRIP = NO;
				DEBUG_INFORMATION_FORMAT = dwarf;
				ENABLE_STRICT_OBJC_MSGSEND = YES;
				ENABLE_TESTABILITY = YES;
				GCC_C_LANGUAGE_STANDARD = gnu11;
				GCC_DYNAMIC_NO_PIC = NO;
				GCC_NO_COMMON_BLOCKS = YES;
				GCC_OPTIMIZATION_LEVEL = 0;
				GCC_PREPROCESSOR_DEFINITIONS = (
					"DEBUG=1",
					"$(inherited)",
				);
				GCC_WARN_64_TO_32_BIT_CONVERSION = YES;
				GCC_WARN_ABOUT_RETURN_TYPE = YES_ERROR;
				GCC_WARN_UNDECLARED_SELECTOR = YES;
				GCC_WARN_UNINITIALIZED_AUTOS = YES_AGGRESSIVE;
				GCC_WARN_UNUSED_FUNCTION = YES;
				GCC_WARN_UNUSED_VARIABLE = YES;
				IPHONEOS_DEPLOYMENT_TARGET = 16.0;
				MTL_ENABLE_DEBUG_INFO = INCLUDE_SOURCE;
				MTL_FAST_MATH = YES;
				ONLY_ACTIVE_ARCH = YES;
				SDKROOT = iphoneos;
				SWIFT_ACTIVE_COMPILATION_CONDITIONS = DEBUG;
				SWIFT_OPTIMIZATION_LEVEL = "-Onone";
			};
			name = Debug;
		};
		8E5BE70F28D23C0B0071ABA4 /* Release */ = {
			isa = XCBuildConfiguration;
			buildSettings = {
				ALWAYS_SEARCH_USER_PATHS = NO;
				CLANG_ANALYZER_NONNULL = YES;
				CLANG_ANALYZER_NUMBER_OBJECT_CONVERSION = YES_AGGRESSIVE;
				CLANG_CXX_LANGUAGE_STANDARD = "gnu++20";
				CLANG_ENABLE_MODULES = YES;
				CLANG_ENABLE_OBJC_ARC = YES;
				CLANG_ENABLE_OBJC_WEAK = YES;
				CLANG_WARN_BLOCK_CAPTURE_AUTORELEASING = YES;
				CLANG_WARN_BOOL_CONVERSION = YES;
				CLANG_WARN_COMMA = YES;
				CLANG_WARN_CONSTANT_CONVERSION = YES;
				CLANG_WARN_DEPRECATED_OBJC_IMPLEMENTATIONS = YES;
				CLANG_WARN_DIRECT_OBJC_ISA_USAGE = YES_ERROR;
				CLANG_WARN_DOCUMENTATION_COMMENTS = YES;
				CLANG_WARN_EMPTY_BODY = YES;
				CLANG_WARN_ENUM_CONVERSION = YES;
				CLANG_WARN_INFINITE_RECURSION = YES;
				CLANG_WARN_INT_CONVERSION = YES;
				CLANG_WARN_NON_LITERAL_NULL_CONVERSION = YES;
				CLANG_WARN_OBJC_IMPLICIT_RETAIN_SELF = YES;
				CLANG_WARN_OBJC_LITERAL_CONVERSION = YES;
				CLANG_WARN_OBJC_ROOT_CLASS = YES_ERROR;
				CLANG_WARN_QUOTED_INCLUDE_IN_FRAMEWORK_HEADER = YES;
				CLANG_WARN_RANGE_LOOP_ANALYSIS = YES;
				CLANG_WARN_STRICT_PROTOTYPES = YES;
				CLANG_WARN_SUSPICIOUS_MOVE = YES;
				CLANG_WARN_UNGUARDED_AVAILABILITY = YES_AGGRESSIVE;
				CLANG_WARN_UNREACHABLE_CODE = YES;
				CLANG_WARN__DUPLICATE_METHOD_MATCH = YES;
				COPY_PHASE_STRIP = NO;
				DEBUG_INFORMATION_FORMAT = "dwarf-with-dsym";
				ENABLE_NS_ASSERTIONS = NO;
				ENABLE_STRICT_OBJC_MSGSEND = YES;
				GCC_C_LANGUAGE_STANDARD = gnu11;
				GCC_NO_COMMON_BLOCKS = YES;
				GCC_WARN_64_TO_32_BIT_CONVERSION = YES;
				GCC_WARN_ABOUT_RETURN_TYPE = YES_ERROR;
				GCC_WARN_UNDECLARED_SELECTOR = YES;
				GCC_WARN_UNINITIALIZED_AUTOS = YES_AGGRESSIVE;
				GCC_WARN_UNUSED_FUNCTION = YES;
				GCC_WARN_UNUSED_VARIABLE = YES;
				IPHONEOS_DEPLOYMENT_TARGET = 16.0;
				MTL_ENABLE_DEBUG_INFO = NO;
				MTL_FAST_MATH = YES;
				SDKROOT = iphoneos;
				SWIFT_COMPILATION_MODE = wholemodule;
				SWIFT_OPTIMIZATION_LEVEL = "-O";
				VALIDATE_PRODUCT = YES;
			};
			name = Release;
		};
		8E5BE71128D23C0B0071ABA4 /* Debug */ = {
			isa = XCBuildConfiguration;
			buildSettings = {
				ASSETCATALOG_COMPILER_APPICON_NAME = AppIcon;
				ASSETCATALOG_COMPILER_GLOBAL_ACCENT_COLOR_NAME = AccentColor;
				CODE_SIGN_STYLE = Automatic;
				CURRENT_PROJECT_VERSION = 1;
				DEVELOPMENT_ASSET_PATHS = "\"GameApp/Preview Content\"";
				DEVELOPMENT_TEAM = 2R353324VD;
				ENABLE_PREVIEWS = YES;
				GENERATE_INFOPLIST_FILE = YES;
				INFOPLIST_KEY_UIApplicationSceneManifest_Generation = YES;
				INFOPLIST_KEY_UIApplicationSupportsIndirectInputEvents = YES;
				INFOPLIST_KEY_UILaunchScreen_Generation = YES;
				INFOPLIST_KEY_UISupportedInterfaceOrientations_iPad = "UIInterfaceOrientationPortrait UIInterfaceOrientationPortraitUpsideDown UIInterfaceOrientationLandscapeLeft UIInterfaceOrientationLandscapeRight";
				INFOPLIST_KEY_UISupportedInterfaceOrientations_iPhone = "UIInterfaceOrientationPortrait UIInterfaceOrientationLandscapeLeft UIInterfaceOrientationLandscapeRight";
				LD_RUNPATH_SEARCH_PATHS = (
					"$(inherited)",
					"@executable_path/Frameworks",
				);
				MARKETING_VERSION = 1.0;
				PRODUCT_BUNDLE_IDENTIFIER = Taryn.GameApp;
				PRODUCT_NAME = "$(TARGET_NAME)";
				SWIFT_EMIT_LOC_STRINGS = YES;
				SWIFT_VERSION = 5.0;
				TARGETED_DEVICE_FAMILY = "1,2";
			};
			name = Debug;
		};
		8E5BE71228D23C0B0071ABA4 /* Release */ = {
			isa = XCBuildConfiguration;
			buildSettings = {
				ASSETCATALOG_COMPILER_APPICON_NAME = AppIcon;
				ASSETCATALOG_COMPILER_GLOBAL_ACCENT_COLOR_NAME = AccentColor;
				CODE_SIGN_STYLE = Automatic;
				CURRENT_PROJECT_VERSION = 1;
				DEVELOPMENT_ASSET_PATHS = "\"GameApp/Preview Content\"";
				DEVELOPMENT_TEAM = 2R353324VD;
				ENABLE_PREVIEWS = YES;
				GENERATE_INFOPLIST_FILE = YES;
				INFOPLIST_KEY_UIApplicationSceneManifest_Generation = YES;
				INFOPLIST_KEY_UIApplicationSupportsIndirectInputEvents = YES;
				INFOPLIST_KEY_UILaunchScreen_Generation = YES;
				INFOPLIST_KEY_UISupportedInterfaceOrientations_iPad = "UIInterfaceOrientationPortrait UIInterfaceOrientationPortraitUpsideDown UIInterfaceOrientationLandscapeLeft UIInterfaceOrientationLandscapeRight";
				INFOPLIST_KEY_UISupportedInterfaceOrientations_iPhone = "UIInterfaceOrientationPortrait UIInterfaceOrientationLandscapeLeft UIInterfaceOrientationLandscapeRight";
				LD_RUNPATH_SEARCH_PATHS = (
					"$(inherited)",
					"@executable_path/Frameworks",
				);
				MARKETING_VERSION = 1.0;
				PRODUCT_BUNDLE_IDENTIFIER = Taryn.GameApp;
				PRODUCT_NAME = "$(TARGET_NAME)";
				SWIFT_EMIT_LOC_STRINGS = YES;
				SWIFT_VERSION = 5.0;
				TARGETED_DEVICE_FAMILY = "1,2";
			};
			name = Release;
		};
		8E5BE71428D23C0B0071ABA4 /* Debug */ = {
			isa = XCBuildConfiguration;
			buildSettings = {
				ALWAYS_EMBED_SWIFT_STANDARD_LIBRARIES = YES;
				BUNDLE_LOADER = "$(TEST_HOST)";
				CODE_SIGN_STYLE = Automatic;
				CURRENT_PROJECT_VERSION = 1;
				DEVELOPMENT_TEAM = 2R353324VD;
				GENERATE_INFOPLIST_FILE = YES;
				IPHONEOS_DEPLOYMENT_TARGET = 16.0;
				MARKETING_VERSION = 1.0;
				PRODUCT_BUNDLE_IDENTIFIER = Taryn.GameAppTests;
				PRODUCT_NAME = "$(TARGET_NAME)";
				SWIFT_EMIT_LOC_STRINGS = NO;
				SWIFT_VERSION = 5.0;
				TARGETED_DEVICE_FAMILY = "1,2";
				TEST_HOST = "$(BUILT_PRODUCTS_DIR)/GameApp.app/$(BUNDLE_EXECUTABLE_FOLDER_PATH)/GameApp";
			};
			name = Debug;
		};
		8E5BE71528D23C0B0071ABA4 /* Release */ = {
			isa = XCBuildConfiguration;
			buildSettings = {
				ALWAYS_EMBED_SWIFT_STANDARD_LIBRARIES = YES;
				BUNDLE_LOADER = "$(TEST_HOST)";
				CODE_SIGN_STYLE = Automatic;
				CURRENT_PROJECT_VERSION = 1;
				DEVELOPMENT_TEAM = 2R353324VD;
				GENERATE_INFOPLIST_FILE = YES;
				IPHONEOS_DEPLOYMENT_TARGET = 16.0;
				MARKETING_VERSION = 1.0;
				PRODUCT_BUNDLE_IDENTIFIER = Taryn.GameAppTests;
				PRODUCT_NAME = "$(TARGET_NAME)";
				SWIFT_EMIT_LOC_STRINGS = NO;
				SWIFT_VERSION = 5.0;
				TARGETED_DEVICE_FAMILY = "1,2";
				TEST_HOST = "$(BUILT_PRODUCTS_DIR)/GameApp.app/$(BUNDLE_EXECUTABLE_FOLDER_PATH)/GameApp";
			};
			name = Release;
		};
		8E5BE71728D23C0B0071ABA4 /* Debug */ = {
			isa = XCBuildConfiguration;
			buildSettings = {
				ALWAYS_EMBED_SWIFT_STANDARD_LIBRARIES = YES;
				CODE_SIGN_STYLE = Automatic;
				CURRENT_PROJECT_VERSION = 1;
				DEVELOPMENT_TEAM = 2R353324VD;
				GENERATE_INFOPLIST_FILE = YES;
				MARKETING_VERSION = 1.0;
				PRODUCT_BUNDLE_IDENTIFIER = Taryn.GameAppUITests;
				PRODUCT_NAME = "$(TARGET_NAME)";
				SWIFT_EMIT_LOC_STRINGS = NO;
				SWIFT_VERSION = 5.0;
				TARGETED_DEVICE_FAMILY = "1,2";
				TEST_TARGET_NAME = GameApp;
			};
			name = Debug;
		};
		8E5BE71828D23C0B0071ABA4 /* Release */ = {
			isa = XCBuildConfiguration;
			buildSettings = {
				ALWAYS_EMBED_SWIFT_STANDARD_LIBRARIES = YES;
				CODE_SIGN_STYLE = Automatic;
				CURRENT_PROJECT_VERSION = 1;
				DEVELOPMENT_TEAM = 2R353324VD;
				GENERATE_INFOPLIST_FILE = YES;
				MARKETING_VERSION = 1.0;
				PRODUCT_BUNDLE_IDENTIFIER = Taryn.GameAppUITests;
				PRODUCT_NAME = "$(TARGET_NAME)";
				SWIFT_EMIT_LOC_STRINGS = NO;
				SWIFT_VERSION = 5.0;
				TARGETED_DEVICE_FAMILY = "1,2";
				TEST_TARGET_NAME = GameApp;
			};
			name = Release;
		};
/* End XCBuildConfiguration section */

/* Begin XCConfigurationList section */
		8E5BE6E728D23C040071ABA4 /* Build configuration list for PBXProject "GameApp" */ = {
			isa = XCConfigurationList;
			buildConfigurations = (
				8E5BE70E28D23C0B0071ABA4 /* Debug */,
				8E5BE70F28D23C0B0071ABA4 /* Release */,
			);
			defaultConfigurationIsVisible = 0;
			defaultConfigurationName = Release;
		};
		8E5BE71028D23C0B0071ABA4 /* Build configuration list for PBXNativeTarget "GameApp" */ = {
			isa = XCConfigurationList;
			buildConfigurations = (
				8E5BE71128D23C0B0071ABA4 /* Debug */,
				8E5BE71228D23C0B0071ABA4 /* Release */,
			);
			defaultConfigurationIsVisible = 0;
			defaultConfigurationName = Release;
		};
		8E5BE71328D23C0B0071ABA4 /* Build configuration list for PBXNativeTarget "GameAppTests" */ = {
			isa = XCConfigurationList;
			buildConfigurations = (
				8E5BE71428D23C0B0071ABA4 /* Debug */,
				8E5BE71528D23C0B0071ABA4 /* Release */,
			);
			defaultConfigurationIsVisible = 0;
			defaultConfigurationName = Release;
		};
		8E5BE71628D23C0B0071ABA4 /* Build configuration list for PBXNativeTarget "GameAppUITests" */ = {
			isa = XCConfigurationList;
			buildConfigurations = (
				8E5BE71728D23C0B0071ABA4 /* Debug */,
				8E5BE71828D23C0B0071ABA4 /* Release */,
			);
			defaultConfigurationIsVisible = 0;
			defaultConfigurationName = Release;
		};
/* End XCConfigurationList section */
	};
	rootObject = 8E5BE6E428D23C040071ABA4 /* Project object */;
}
